<?xml version="1.0" encoding="utf-8"?>
<Project ToolsVersion="4.0" xmlns="http://schemas.microsoft.com/developer/msbuild/2003">
  <ItemGroup>
    <ClCompile Include="Amigo.cpp">
      <Filter>model\impl</Filter>
    </ClCompile>
    <ClCompile Include="Emprestimo.cpp">
      <Filter>model\impl</Filter>
    </ClCompile>
    <ClCompile Include="Livro.cpp">
      <Filter>model\impl</Filter>
    </ClCompile>
    <ClCompile Include="Material.cpp">
      <Filter>model\impl</Filter>
    </ClCompile>
    <ClCompile Include="MidiaAudio.cpp">
      <Filter>model\impl</Filter>
    </ClCompile>
    <ClCompile Include="MidiaDados.cpp">
      <Filter>model\impl</Filter>
    </ClCompile>
    <ClCompile Include="MidiaFilme.cpp">
      <Filter>model\impl</Filter>
    </ClCompile>
    <ClCompile Include="AboutForm.cpp">
      <Filter>form_impl</Filter>
    </ClCompile>
    <ClCompile Include="cadAmigoForm.cpp">
      <Filter>form_impl</Filter>
    </ClCompile>
    <ClCompile Include="cadMaterialForm.cpp">
      <Filter>form_impl</Filter>
    </ClCompile>
    <ClCompile Include="EmprestimoForm.cpp">
      <Filter>form_impl</Filter>
    </ClCompile>
    <ClCompile Include="gerenciarAmigosForm.cpp">
      <Filter>form_impl</Filter>
    </ClCompile>
    <ClCompile Include="gerenciarEmprestimosForm.cpp">
      <Filter>form_impl</Filter>
    </ClCompile>
    <ClCompile Include="gerenciarMateriaisForm.cpp">
      <Filter>form_impl</Filter>
    </ClCompile>
    <ClCompile Include="PersonalInventoryControl.cpp">
      <Filter>form_impl</Filter>
    </ClCompile>
    <ClCompile Include="stdafx.cpp">
      <Filter>form_impl</Filter>
    </ClCompile>
    <ClCompile Include="AssemblyInfo.cpp">
      <Filter>resource</Filter>
    </ClCompile>
    <ClCompile Include="DataBase.cpp">
      <Filter>db\impl</Filter>
    </ClCompile>
    <ClCompile Include="ControllerAmigo.cpp">
      <Filter>controller\impl</Filter>
    </ClCompile>
    <ClCompile Include="ControllerEmprestimo.cpp">
      <Filter>controller\impl</Filter>
    </ClCompile>
    <ClCompile Include="ControllerLivro.cpp">
      <Filter>controller\impl</Filter>
    </ClCompile>
    <ClCompile Include="ControllerMidiaAudio.cpp">
      <Filter>controller\impl</Filter>
    </ClCompile>
    <ClCompile Include="ControllerMidiaDados.cpp">
      <Filter>controller\impl</Filter>
    </ClCompile>
    <ClCompile Include="ControllerMidiaFilme.cpp">
      <Filter>controller\impl</Filter>
    </ClCompile>
    <ClCompile Include="String_utils.cpp" />
    <ClCompile Include="Busca_amigo_form.cpp">
      <Filter>form_impl</Filter>
    </ClCompile>
    <ClCompile Include="buscar_material_form.cpp">
      <Filter>form_impl</Filter>
    </ClCompile>
    <ClCompile Include="form_relatorios.cpp">
      <Filter>form_impl</Filter>
    </ClCompile>
  </ItemGroup>
  <ItemGroup>
    <ClInclude Include="gerenciarAmigosForm.h" />
    <ClInclude Include="gerenciarEmprestimosForm.h" />
    <ClInclude Include="gerenciarMateriaisForm.h" />
    <ClInclude Include="AboutForm.h" />
    <ClInclude Include="cadAmigoForm.h" />
    <ClInclude Include="cadMaterialForm.h" />
    <ClInclude Include="EmprestimoForm.h" />
    <ClInclude Include="PrincipalForm.h" />
    <ClInclude Include="stdafx.h" />
    <ClInclude Include="Amigo.h">
      <Filter>model</Filter>
    </ClInclude>
    <ClInclude Include="Emprestimo.h">
      <Filter>model</Filter>
    </ClInclude>
    <ClInclude Include="EnumTipoMidia.h">
      <Filter>model</Filter>
    </ClInclude>
    <ClInclude Include="Livro.h">
      <Filter>model</Filter>
    </ClInclude>
    <ClInclude Include="Material.h">
      <Filter>model</Filter>
    </ClInclude>
    <ClInclude Include="MidiaAudio.h">
      <Filter>model</Filter>
    </ClInclude>
    <ClInclude Include="MidiaDados.h">
      <Filter>model</Filter>
    </ClInclude>
    <ClInclude Include="MidiaFilme.h">
      <Filter>model</Filter>
    </ClInclude>
    <ClInclude Include="ControllerAmigo.h">
      <Filter>controller</Filter>
    </ClInclude>
    <ClInclude Include="DataBase.h">
      <Filter>db</Filter>
    </ClInclude>
    <ClInclude Include="resource.h">
      <Filter>resource</Filter>
    </ClInclude>
    <ClInclude Include="ICrud.h">
      <Filter>controller</Filter>
    </ClInclude>
    <ClInclude Include="ControllerEmprestimo.h">
      <Filter>controller</Filter>
    </ClInclude>
    <ClInclude Include="ControllerLivro.h">
      <Filter>controller</Filter>
    </ClInclude>
    <ClInclude Include="ControllerMidiaAudio.h">
      <Filter>controller</Filter>
    </ClInclude>
    <ClInclude Include="ControllerMidiaFilme.h">
      <Filter>controller</Filter>
    </ClInclude>
    <ClInclude Include="ControllerMidiaDados.h">
      <Filter>controller\impl</Filter>
    </ClInclude>
    <ClInclude Include="String_utils.h" />
    <ClInclude Include="Busca_amigo_form.h" />
    <ClInclude Include="buscar_material_form.h" />
    <ClInclude Include="form_relatorios.h" />
  </ItemGroup>
  <ItemGroup>
    <EmbeddedResource Include="AboutForm.resx" />
    <EmbeddedResource Include="cadAmigoForm.resx" />
    <EmbeddedResource Include="cadMaterialForm.resx" />
    <EmbeddedResource Include="EmprestimoForm.resx" />
    <EmbeddedResource Include="gerenciarAmigosForm.resx" />
    <EmbeddedResource Include="gerenciarEmprestimosForm.resx" />
    <EmbeddedResource Include="gerenciarMateriaisForm.resx" />
    <EmbeddedResource Include="PrincipalForm.resX" />
    <EmbeddedResource Include="buscar_material_form.resx" />
    <EmbeddedResource Include="Busca_amigo_form.resx" />
    <EmbeddedResource Include="form_relatorios.resx" />
  </ItemGroup>
  <ItemGroup>
    <None Include="ReadMe.txt" />
    <None Include="app.ico">
      <Filter>resource</Filter>
    </None>
  </ItemGroup>
  <ItemGroup>
    <Filter Include="model">
      <UniqueIdentifier>{54efdb0b-5b97-400d-913b-bd90817cef9b}</UniqueIdentifier>
    </Filter>
    <Filter Include="model\impl">
      <UniqueIdentifier>{70f18644-c9f8-47c1-b0c7-8c16e1b60c25}</UniqueIdentifier>
    </Filter>
    <Filter Include="controller">
      <UniqueIdentifier>{9c248376-33c7-42cd-ad95-8f56f5dd2a83}</UniqueIdentifier>
    </Filter>
    <Filter Include="db">
      <UniqueIdentifier>{be25236b-b63c-4a4e-94ca-c4e4515a531e}</UniqueIdentifier>
    </Filter>
    <Filter Include="form_impl">
      <UniqueIdentifier>{f38c269c-b311-4867-93eb-b220e95ef1a9}</UniqueIdentifier>
    </Filter>
    <Filter Include="resource">
      <UniqueIdentifier>{47f26d6a-705a-493e-8d6b-da2f0ae989b0}</UniqueIdentifier>
    </Filter>
    <Filter Include="db\impl">
      <UniqueIdentifier>{262f4d4b-f17a-4cc3-81cd-e310a4435817}</UniqueIdentifier>
    </Filter>
    <Filter Include="controller\impl">
      <UniqueIdentifier>{9b895c80-e4e6-436b-b4a2-88701768e57c}</UniqueIdentifier>
    </Filter>
  </ItemGroup>
  <ItemGroup>
    <ResourceCompile Include="app.rc">
      <Filter>resource</Filter>
    </ResourceCompile>
  </ItemGroup>
</Project>