<?xml version="1.0" encoding="utf-8"?>
<Project ToolsVersion="4.0" xmlns="http://schemas.microsoft.com/developer/msbuild/2003">
  <ItemGroup>
    <Filter Include="Source Files">
      <UniqueIdentifier>{4FC737F1-C7A5-4376-A066-2A32D752A2FF}</UniqueIdentifier>
      <Extensions>cpp;c;cc;cxx;def;odl;idl;hpj;bat;asm;asmx</Extensions>
    </Filter>
    <Filter Include="Header Files">
      <UniqueIdentifier>{93995380-89BD-4b04-88EB-625FBE52EBFB}</UniqueIdentifier>
      <Extensions>h;hpp;hxx;hm;inl;inc;xsd</Extensions>
    </Filter>
    <Filter Include="Resource Files">
      <UniqueIdentifier>{67DA6AB6-F800-4c08-8B7A-83BB121AAD01}</UniqueIdentifier>
      <Extensions>rc;ico;cur;bmp;dlg;rc2;rct;bin;rgs;gif;jpg;jpeg;jpe;resx;tiff;tif;png;wav;mfcribbon-ms</Extensions>
    </Filter>
    <Filter Include="Core">
      <UniqueIdentifier>{b765fe58-fbf7-432a-ae0e-71e7674441a1}</UniqueIdentifier>
    </Filter>
    <Filter Include="Core\control">
      <UniqueIdentifier>{1dbd098e-babb-4711-a0e7-ad2c9d832ef4}</UniqueIdentifier>
    </Filter>
    <Filter Include="Core\model">
      <UniqueIdentifier>{a7828155-eeed-41d5-96b6-0ba7aae8e1f8}</UniqueIdentifier>
    </Filter>
    <Filter Include="Core\interface">
      <UniqueIdentifier>{ffa1b9b0-2f5a-4f26-893b-8d0a3aa29d65}</UniqueIdentifier>
    </Filter>
  </ItemGroup>
  <ItemGroup>
    <None Include="ReadMe.txt" />
    <None Include="app.ico">
      <Filter>Resource Files</Filter>
    </None>
  </ItemGroup>
  <ItemGroup>
    <ClCompile Include="PersonalInventoryControl.cpp">
      <Filter>Source Files</Filter>
    </ClCompile>
    <ClCompile Include="AssemblyInfo.cpp">
      <Filter>Source Files</Filter>
    </ClCompile>
    <ClCompile Include="stdafx.cpp">
      <Filter>Source Files</Filter>
    </ClCompile>
    <ClCompile Include="Material.cpp">
      <Filter>Core\model</Filter>
    </ClCompile>
    <ClCompile Include="Livro.cpp">
      <Filter>Core\model</Filter>
    </ClCompile>
    <ClCompile Include="MidiaAudio.cpp">
      <Filter>Core\model</Filter>
    </ClCompile>
    <ClCompile Include="MidiaFilme.cpp">
      <Filter>Core\model</Filter>
    </ClCompile>
    <ClCompile Include="MidiaDados.cpp">
      <Filter>Core\model</Filter>
    </ClCompile>
    <ClCompile Include="Amigo.cpp">
      <Filter>Core\model</Filter>
    </ClCompile>
    <ClCompile Include="Emprestimo.cpp">
      <Filter>Core\model</Filter>
    </ClCompile>
  </ItemGroup>
  <ItemGroup>
    <ClInclude Include="Form1.h">
      <Filter>Header Files</Filter>
    </ClInclude>
    <ClInclude Include="stdafx.h">
      <Filter>Header Files</Filter>
    </ClInclude>
    <ClInclude Include="resource.h">
      <Filter>Header Files</Filter>
    </ClInclude>
    <ClInclude Include="Material.h">
      <Filter>Core\model</Filter>
    </ClInclude>
    <ClInclude Include="Livro.h">
      <Filter>Core\model</Filter>
    </ClInclude>
    <ClInclude Include="MidiaAudio.h">
      <Filter>Core\model</Filter>
    </ClInclude>
    <ClInclude Include="MidiaFilme.h">
      <Filter>Core\model</Filter>
    </ClInclude>
    <ClInclude Include="EnumTipoMidia.h">
      <Filter>Core\model</Filter>
    </ClInclude>
    <ClInclude Include="MidiaDados.h">
      <Filter>Core\model</Filter>
    </ClInclude>
    <ClInclude Include="Amigo.h">
      <Filter>Core\model</Filter>
    </ClInclude>
    <ClInclude Include="Emprestimo.h">
      <Filter>Core\model</Filter>
    </ClInclude>
  </ItemGroup>
  <ItemGroup>
    <ResourceCompile Include="app.rc">
      <Filter>Resource Files</Filter>
    </ResourceCompile>
  </ItemGroup>
  <ItemGroup>
    <EmbeddedResource Include="Form1.resX">
      <Filter>Resource Files</Filter>
    </EmbeddedResource>
  </ItemGroup>
</Project>